
Microsoft Visual Studio Solution File, Format Version 12.00
# Visual Studio Version 17
VisualStudioVersion = 17.8.34330.188
MinimumVisualStudioVersion = 10.0.40219.1
Project("{9A19103F-16F7-4668-BE54-9A1E7A4F7556}") = "Example01Introduction", "Example01\Example01Introduction.csproj", "{661B6E14-B87B-4884-BA4E-9F510A0A18FC}"
EndProject
Project("{9A19103F-16F7-4668-BE54-9A1E7A4F7556}") = "Example02ViewEngine", "Example02\Example02ViewEngine.csproj", "{13EEB265-5EFA-4CE2-AA5E-92D0B095ACE1}"
EndProject
Project("{9A19103F-16F7-4668-BE54-9A1E7A4F7556}") = "Example03TagHelper", "Example03\Example03TagHelper.csproj", "{B0539589-999F-4E5C-A67F-23726785FF76}"
EndProject
Project("{9A19103F-16F7-4668-BE54-9A1E7A4F7556}") = "Example04Controllers", "Example04Controllers\Example04Controllers.csproj", "{F41EC76A-8825-4B3D-BC5D-975BED8B245C}"
EndProject
Project("{9A19103F-16F7-4668-BE54-9A1E7A4F7556}") = "Example05Models", "Example05Models\Example05Models.csproj", "{DA2FA4DD-C592-4FA7-94DA-A5C524D739DA}"
EndProject
Project("{FAE04EC0-301F-11D3-BF4B-00C04F79EFBC}") = "Example06Entity", "Example06Entity\Example06Entity.csproj", "{EF884B91-111C-4BDA-8142-F9B7782257E1}"
EndProject
Global
	GlobalSection(SolutionConfigurationPlatforms) = preSolution
		Debug|Any CPU = Debug|Any CPU
		Release|Any CPU = Release|Any CPU
	EndGlobalSection
	GlobalSection(ProjectConfigurationPlatforms) = postSolution
		{661B6E14-B87B-4884-BA4E-9F510A0A18FC}.Debug|Any CPU.ActiveCfg = Debug|Any CPU
		{661B6E14-B87B-4884-BA4E-9F510A0A18FC}.Debug|Any CPU.Build.0 = Debug|Any CPU
		{661B6E14-B87B-4884-BA4E-9F510A0A18FC}.Release|Any CPU.ActiveCfg = Release|Any CPU
		{661B6E14-B87B-4884-BA4E-9F510A0A18FC}.Release|Any CPU.Build.0 = Release|Any CPU
		{13EEB265-5EFA-4CE2-AA5E-92D0B095ACE1}.Debug|Any CPU.ActiveCfg = Debug|Any CPU
		{13EEB265-5EFA-4CE2-AA5E-92D0B095ACE1}.Debug|Any CPU.Build.0 = Debug|Any CPU
		{13EEB265-5EFA-4CE2-AA5E-92D0B095ACE1}.Release|Any CPU.ActiveCfg = Release|Any CPU
		{13EEB265-5EFA-4CE2-AA5E-92D0B095ACE1}.Release|Any CPU.Build.0 = Release|Any CPU
		{B0539589-999F-4E5C-A67F-23726785FF76}.Debug|Any CPU.ActiveCfg = Debug|Any CPU
		{B0539589-999F-4E5C-A67F-23726785FF76}.Debug|Any CPU.Build.0 = Debug|Any CPU
		{B0539589-999F-4E5C-A67F-23726785FF76}.Release|Any CPU.ActiveCfg = Release|Any CPU
		{B0539589-999F-4E5C-A67F-23726785FF76}.Release|Any CPU.Build.0 = Release|Any CPU
		{F41EC76A-8825-4B3D-BC5D-975BED8B245C}.Debug|Any CPU.ActiveCfg = Debug|Any CPU
		{F41EC76A-8825-4B3D-BC5D-975BED8B245C}.Debug|Any CPU.Build.0 = Debug|Any CPU
		{F41EC76A-8825-4B3D-BC5D-975BED8B245C}.Release|Any CPU.ActiveCfg = Release|Any CPU
		{F41EC76A-8825-4B3D-BC5D-975BED8B245C}.Release|Any CPU.Build.0 = Release|Any CPU
		{DA2FA4DD-C592-4FA7-94DA-A5C524D739DA}.Debug|Any CPU.ActiveCfg = Debug|Any CPU
		{DA2FA4DD-C592-4FA7-94DA-A5C524D739DA}.Debug|Any CPU.Build.0 = Debug|Any CPU
		{DA2FA4DD-C592-4FA7-94DA-A5C524D739DA}.Release|Any CPU.ActiveCfg = Release|Any CPU
		{DA2FA4DD-C592-4FA7-94DA-A5C524D739DA}.Release|Any CPU.Build.0 = Release|Any CPU
		{EF884B91-111C-4BDA-8142-F9B7782257E1}.Debug|Any CPU.ActiveCfg = Debug|Any CPU
		{EF884B91-111C-4BDA-8142-F9B7782257E1}.Debug|Any CPU.Build.0 = Debug|Any CPU
		{EF884B91-111C-4BDA-8142-F9B7782257E1}.Release|Any CPU.ActiveCfg = Release|Any CPU
		{EF884B91-111C-4BDA-8142-F9B7782257E1}.Release|Any CPU.Build.0 = Release|Any CPU
	EndGlobalSection
	GlobalSection(SolutionProperties) = preSolution
		HideSolutionNode = FALSE
	EndGlobalSection
	GlobalSection(ExtensibilityGlobals) = postSolution
		SolutionGuid = {806A247E-5A7E-47A5-991B-E306385DC7F3}
	EndGlobalSection
EndGlobal
